
Microsoft Visual Studio Solution File, Format Version 11.00
# Visual Studio 2010
Project("{FAE04EC0-301F-11D3-BF4B-00C04F79EFBC}") = "Assembly-CSharp", "Assembly-CSharp.csproj", "{86F8AD37-3A46-05BB-98E5-8AB55B55F16A}"
EndProject
Global
	GlobalSection(SolutionConfigurationPlatforms) = preSolution
		Debug|Any CPU = Debug|Any CPU
		Release|Any CPU = Release|Any CPU
	EndGlobalSection
	GlobalSection(ProjectConfigurationPlatforms) = postSolution
		{86F8AD37-3A46-05BB-98E5-8AB55B55F16A}.Debug|Any CPU.ActiveCfg = Debug|Any CPU
		{86F8AD37-3A46-05BB-98E5-8AB55B55F16A}.Debug|Any CPU.Build.0 = Debug|Any CPU
		{86F8AD37-3A46-05BB-98E5-8AB55B55F16A}.Release|Any CPU.ActiveCfg = Release|Any CPU
		{86F8AD37-3A46-05BB-98E5-8AB55B55F16A}.Release|Any CPU.Build.0 = Release|Any CPU
	EndGlobalSection
	GlobalSection(SolutionProperties) = preSolution
		HideSolutionNode = FALSE
	EndGlobalSection
	GlobalSection(MonoDevelopProperties) = preSolution
		StartupItem = Assembly-CSharp.csproj
	EndGlobalSection
EndGlobal
